// !$*UTF8*$!
{
	archiveVersion = 1;
	classes = {
	};
	objectVersion = 50;
	objects = {

/* Begin PBXBuildFile section */
		C0446793241AC8600019006E /* AppDelegate.swift in Sources */ = {isa = PBXBuildFile; fileRef = C0446792241AC8600019006E /* AppDelegate.swift */; };
		C0446795241AC8600019006E /* SceneDelegate.swift in Sources */ = {isa = PBXBuildFile; fileRef = C0446794241AC8600019006E /* SceneDelegate.swift */; };
		C0446797241AC8600019006E /* HomeViewController.swift in Sources */ = {isa = PBXBuildFile; fileRef = C0446796241AC8600019006E /* HomeViewController.swift */; };
		C044679C241AC8650019006E /* Assets.xcassets in Resources */ = {isa = PBXBuildFile; fileRef = C044679B241AC8650019006E /* Assets.xcassets */; };
		C044679F241AC8650019006E /* LaunchScreen.storyboard in Resources */ = {isa = PBXBuildFile; fileRef = C044679D241AC8650019006E /* LaunchScreen.storyboard */; };
		C04467AA241AD44F0019006E /* OnboardingViewController.swift in Sources */ = {isa = PBXBuildFile; fileRef = C04467A9241AD44F0019006E /* OnboardingViewController.swift */; };
		C04467AC241AE1C20019006E /* OnboardingView.swift in Sources */ = {isa = PBXBuildFile; fileRef = C04467AB241AE1C20019006E /* OnboardingView.swift */; };
		C04467AE241AEEC90019006E /* LoginViewController.swift in Sources */ = {isa = PBXBuildFile; fileRef = C04467AD241AEEC90019006E /* LoginViewController.swift */; };
		C04467B1241CD96C0019006E /* FeaturedSection.swift in Sources */ = {isa = PBXBuildFile; fileRef = C04467B0241CD96C0019006E /* FeaturedSection.swift */; };
		C04467B3241CD97C0019006E /* TitleSection.swift in Sources */ = {isa = PBXBuildFile; fileRef = C04467B2241CD97C0019006E /* TitleSection.swift */; };
		C04467B5241CD98C0019006E /* FavoriteSection.swift in Sources */ = {isa = PBXBuildFile; fileRef = C04467B4241CD98C0019006E /* FavoriteSection.swift */; };
		C04467B7241CDA7E0019006E /* Section.swift in Sources */ = {isa = PBXBuildFile; fileRef = C04467B6241CDA7E0019006E /* Section.swift */; };
		C04467B9241CDBF50019006E /* TitleCell.swift in Sources */ = {isa = PBXBuildFile; fileRef = C04467B8241CDBF50019006E /* TitleCell.swift */; };
		C04467BD241CE41F0019006E /* FeaturedCell.swift in Sources */ = {isa = PBXBuildFile; fileRef = C04467BC241CE41F0019006E /* FeaturedCell.swift */; };
/* End PBXBuildFile section */

/* Begin PBXFileReference section */
		C044678F241AC8600019006E /* Caveman.app */ = {isa = PBXFileReference; explicitFileType = wrapper.application; includeInIndex = 0; path = Caveman.app; sourceTree = BUILT_PRODUCTS_DIR; };
		C0446792241AC8600019006E /* AppDelegate.swift */ = {isa = PBXFileReference; lastKnownFileType = sourcecode.swift; path = AppDelegate.swift; sourceTree = "<group>"; };
		C0446794241AC8600019006E /* SceneDelegate.swift */ = {isa = PBXFileReference; lastKnownFileType = sourcecode.swift; path = SceneDelegate.swift; sourceTree = "<group>"; };
		C0446796241AC8600019006E /* HomeViewController.swift */ = {isa = PBXFileReference; lastKnownFileType = sourcecode.swift; path = HomeViewController.swift; sourceTree = "<group>"; };
		C044679B241AC8650019006E /* Assets.xcassets */ = {isa = PBXFileReference; lastKnownFileType = folder.assetcatalog; path = Assets.xcassets; sourceTree = "<group>"; };
		C044679E241AC8650019006E /* Base */ = {isa = PBXFileReference; lastKnownFileType = file.storyboard; name = Base; path = Base.lproj/LaunchScreen.storyboard; sourceTree = "<group>"; };
		C04467A0241AC8650019006E /* Info.plist */ = {isa = PBXFileReference; lastKnownFileType = text.plist.xml; path = Info.plist; sourceTree = "<group>"; };
		C04467A9241AD44F0019006E /* OnboardingViewController.swift */ = {isa = PBXFileReference; lastKnownFileType = sourcecode.swift; path = OnboardingViewController.swift; sourceTree = "<group>"; };
		C04467AB241AE1C20019006E /* OnboardingView.swift */ = {isa = PBXFileReference; lastKnownFileType = sourcecode.swift; path = OnboardingView.swift; sourceTree = "<group>"; };
		C04467AD241AEEC90019006E /* LoginViewController.swift */ = {isa = PBXFileReference; lastKnownFileType = sourcecode.swift; path = LoginViewController.swift; sourceTree = "<group>"; };
		C04467B0241CD96C0019006E /* FeaturedSection.swift */ = {isa = PBXFileReference; lastKnownFileType = sourcecode.swift; path = FeaturedSection.swift; sourceTree = "<group>"; };
		C04467B2241CD97C0019006E /* TitleSection.swift */ = {isa = PBXFileReference; lastKnownFileType = sourcecode.swift; path = TitleSection.swift; sourceTree = "<group>"; };
		C04467B4241CD98C0019006E /* FavoriteSection.swift */ = {isa = PBXFileReference; lastKnownFileType = sourcecode.swift; path = FavoriteSection.swift; sourceTree = "<group>"; };
		C04467B6241CDA7E0019006E /* Section.swift */ = {isa = PBXFileReference; lastKnownFileType = sourcecode.swift; path = Section.swift; sourceTree = "<group>"; };
		C04467B8241CDBF50019006E /* TitleCell.swift */ = {isa = PBXFileReference; lastKnownFileType = sourcecode.swift; path = TitleCell.swift; sourceTree = "<group>"; };
		C04467BC241CE41F0019006E /* FeaturedCell.swift */ = {isa = PBXFileReference; lastKnownFileType = sourcecode.swift; path = FeaturedCell.swift; sourceTree = "<group>"; };
/* End PBXFileReference section */

/* Begin PBXFrameworksBuildPhase section */
		C044678C241AC8600019006E /* Frameworks */ = {
			isa = PBXFrameworksBuildPhase;
			buildActionMask = 2147483647;
			files = (
			);
			runOnlyForDeploymentPostprocessing = 0;
		};
/* End PBXFrameworksBuildPhase section */

/* Begin PBXGroup section */
		C0446786241AC8600019006E = {
			isa = PBXGroup;
			children = (
				C0446791241AC8600019006E /* Caveman */,
				C0446790241AC8600019006E /* Products */,
			);
			sourceTree = "<group>";
		};
		C0446790241AC8600019006E /* Products */ = {
			isa = PBXGroup;
			children = (
				C044678F241AC8600019006E /* Caveman.app */,
			);
			name = Products;
			sourceTree = "<group>";
		};
		C0446791241AC8600019006E /* Caveman */ = {
			isa = PBXGroup;
			children = (
				C0446792241AC8600019006E /* AppDelegate.swift */,
				C0446794241AC8600019006E /* SceneDelegate.swift */,
				C04467AF241CD9210019006E /* Sections */,
				C04467A8241AD3C30019006E /* Models */,
				C04467A7241AD3BB0019006E /* Views */,
				C04467A6241AD3B20019006E /* Controllers */,
				C044679D241AC8650019006E /* LaunchScreen.storyboard */,
				C04467A0241AC8650019006E /* Info.plist */,
				C044679B241AC8650019006E /* Assets.xcassets */,
			);
			path = Caveman;
			sourceTree = "<group>";
		};
		C04467A6241AD3B20019006E /* Controllers */ = {
			isa = PBXGroup;
			children = (
				C04467A9241AD44F0019006E /* OnboardingViewController.swift */,
				C04467AD241AEEC90019006E /* LoginViewController.swift */,
				C0446796241AC8600019006E /* HomeViewController.swift */,
			);
			path = Controllers;
			sourceTree = "<group>";
		};
		C04467A7241AD3BB0019006E /* Views */ = {
			isa = PBXGroup;
			children = (
				C04467AB241AE1C20019006E /* OnboardingView.swift */,
				C04467B8241CDBF50019006E /* TitleCell.swift */,
				C04467BC241CE41F0019006E /* FeaturedCell.swift */,
			);
			path = Views;
			sourceTree = "<group>";
		};
		C04467A8241AD3C30019006E /* Models */ = {
			isa = PBXGroup;
			children = (
			);
			path = Models;
			sourceTree = "<group>";
		};
		C04467AF241CD9210019006E /* Sections */ = {
			isa = PBXGroup;
			children = (
				C04467B6241CDA7E0019006E /* Section.swift */,
				C04467B0241CD96C0019006E /* FeaturedSection.swift */,
				C04467B2241CD97C0019006E /* TitleSection.swift */,
				C04467B4241CD98C0019006E /* FavoriteSection.swift */,
			);
			path = Sections;
			sourceTree = "<group>";
		};
/* End PBXGroup section */

/* Begin PBXNativeTarget section */
		C044678E241AC8600019006E /* Caveman */ = {
			isa = PBXNativeTarget;
			buildConfigurationList = C04467A3241AC8650019006E /* Build configuration list for PBXNativeTarget "Caveman" */;
			buildPhases = (
				C044678B241AC8600019006E /* Sources */,
				C044678C241AC8600019006E /* Frameworks */,
				C044678D241AC8600019006E /* Resources */,
			);
			buildRules = (
			);
			dependencies = (
			);
			name = Caveman;
			productName = Caveman;
			productReference = C044678F241AC8600019006E /* Caveman.app */;
			productType = "com.apple.product-type.application";
		};
/* End PBXNativeTarget section */

/* Begin PBXProject section */
		C0446787241AC8600019006E /* Project object */ = {
			isa = PBXProject;
			attributes = {
				LastSwiftUpdateCheck = 1130;
				LastUpgradeCheck = 1130;
				ORGANIZATIONNAME = "Jessica Trinh";
				TargetAttributes = {
					C044678E241AC8600019006E = {
						CreatedOnToolsVersion = 11.3.1;
					};
				};
			};
			buildConfigurationList = C044678A241AC8600019006E /* Build configuration list for PBXProject "Caveman" */;
			compatibilityVersion = "Xcode 9.3";
			developmentRegion = en;
			hasScannedForEncodings = 0;
			knownRegions = (
				en,
				Base,
			);
			mainGroup = C0446786241AC8600019006E;
			productRefGroup = C0446790241AC8600019006E /* Products */;
			projectDirPath = "";
			projectRoot = "";
			targets = (
				C044678E241AC8600019006E /* Caveman */,
			);
		};
/* End PBXProject section */

/* Begin PBXResourcesBuildPhase section */
		C044678D241AC8600019006E /* Resources */ = {
			isa = PBXResourcesBuildPhase;
			buildActionMask = 2147483647;
			files = (
				C044679F241AC8650019006E /* LaunchScreen.storyboard in Resources */,
				C044679C241AC8650019006E /* Assets.xcassets in Resources */,
			);
			runOnlyForDeploymentPostprocessing = 0;
		};
/* End PBXResourcesBuildPhase section */

/* Begin PBXSourcesBuildPhase section */
		C044678B241AC8600019006E /* Sources */ = {
			isa = PBXSourcesBuildPhase;
			buildActionMask = 2147483647;
			files = (
				C04467AE241AEEC90019006E /* LoginViewController.swift in Sources */,
				C04467B9241CDBF50019006E /* TitleCell.swift in Sources */,
				C04467B5241CD98C0019006E /* FavoriteSection.swift in Sources */,
				C0446797241AC8600019006E /* HomeViewController.swift in Sources */,
				C0446793241AC8600019006E /* AppDelegate.swift in Sources */,
				C0446795241AC8600019006E /* SceneDelegate.swift in Sources */,
				C04467B7241CDA7E0019006E /* Section.swift in Sources */,
				C04467B3241CD97C0019006E /* TitleSection.swift in Sources */,
				C04467AC241AE1C20019006E /* OnboardingView.swift in Sources */,
				C04467BD241CE41F0019006E /* FeaturedCell.swift in Sources */,
				C04467B1241CD96C0019006E /* FeaturedSection.swift in Sources */,
				C04467AA241AD44F0019006E /* OnboardingViewController.swift in Sources */,
			);
			runOnlyForDeploymentPostprocessing = 0;
		};
/* End PBXSourcesBuildPhase section */

/* Begin PBXVariantGroup section */
		C044679D241AC8650019006E /* LaunchScreen.storyboard */ = {
			isa = PBXVariantGroup;
			children = (
				C044679E241AC8650019006E /* Base */,
			);
			name = LaunchScreen.storyboard;
			sourceTree = "<group>";
		};
/* End PBXVariantGroup section */

/* Begin XCBuildConfiguration section */
		C04467A1241AC8650019006E /* Debug */ = {
			isa = XCBuildConfiguration;
			buildSettings = {
				ALWAYS_SEARCH_USER_PATHS = NO;
				CLANG_ANALYZER_NONNULL = YES;
				CLANG_ANALYZER_NUMBER_OBJECT_CONVERSION = YES_AGGRESSIVE;
				CLANG_CXX_LANGUAGE_STANDARD = "gnu++14";
				CLANG_CXX_LIBRARY = "libc++";
				CLANG_ENABLE_MODULES = YES;
				CLANG_ENABLE_OBJC_ARC = YES;
				CLANG_ENABLE_OBJC_WEAK = YES;
				CLANG_WARN_BLOCK_CAPTURE_AUTORELEASING = YES;
				CLANG_WARN_BOOL_CONVERSION = YES;
				CLANG_WARN_COMMA = YES;
				CLANG_WARN_CONSTANT_CONVERSION = YES;
				CLANG_WARN_DEPRECATED_OBJC_IMPLEMENTATIONS = YES;
				CLANG_WARN_DIRECT_OBJC_ISA_USAGE = YES_ERROR;
				CLANG_WARN_DOCUMENTATION_COMMENTS = YES;
				CLANG_WARN_EMPTY_BODY = YES;
				CLANG_WARN_ENUM_CONVERSION = YES;
				CLANG_WARN_INFINITE_RECURSION = YES;
				CLANG_WARN_INT_CONVERSION = YES;
				CLANG_WARN_NON_LITERAL_NULL_CONVERSION = YES;
				CLANG_WARN_OBJC_IMPLICIT_RETAIN_SELF = YES;
				CLANG_WARN_OBJC_LITERAL_CONVERSION = YES;
				CLANG_WARN_OBJC_ROOT_CLASS = YES_ERROR;
				CLANG_WARN_RANGE_LOOP_ANALYSIS = YES;
				CLANG_WARN_STRICT_PROTOTYPES = YES;
				CLANG_WARN_SUSPICIOUS_MOVE = YES;
				CLANG_WARN_UNGUARDED_AVAILABILITY = YES_AGGRESSIVE;
				CLANG_WARN_UNREACHABLE_CODE = YES;
				CLANG_WARN__DUPLICATE_METHOD_MATCH = YES;
				COPY_PHASE_STRIP = NO;
				DEBUG_INFORMATION_FORMAT = dwarf;
				ENABLE_STRICT_OBJC_MSGSEND = YES;
				ENABLE_TESTABILITY = YES;
				GCC_C_LANGUAGE_STANDARD = gnu11;
				GCC_DYNAMIC_NO_PIC = NO;
				GCC_NO_COMMON_BLOCKS = YES;
				GCC_OPTIMIZATION_LEVEL = 0;
				GCC_PREPROCESSOR_DEFINITIONS = (
					"DEBUG=1",
					"$(inherited)",
				);
				GCC_WARN_64_TO_32_BIT_CONVERSION = YES;
				GCC_WARN_ABOUT_RETURN_TYPE = YES_ERROR;
				GCC_WARN_UNDECLARED_SELECTOR = YES;
				GCC_WARN_UNINITIALIZED_AUTOS = YES_AGGRESSIVE;
				GCC_WARN_UNUSED_FUNCTION = YES;
				GCC_WARN_UNUSED_VARIABLE = YES;
				IPHONEOS_DEPLOYMENT_TARGET = 13.2;
				MTL_ENABLE_DEBUG_INFO = INCLUDE_SOURCE;
				MTL_FAST_MATH = YES;
				ONLY_ACTIVE_ARCH = YES;
				SDKROOT = iphoneos;
				SWIFT_ACTIVE_COMPILATION_CONDITIONS = DEBUG;
				SWIFT_OPTIMIZATION_LEVEL = "-Onone";
			};
			name = Debug;
		};
		C04467A2241AC8650019006E /* Release */ = {
			isa = XCBuildConfiguration;
			buildSettings = {
				ALWAYS_SEARCH_USER_PATHS = NO;
				CLANG_ANALYZER_NONNULL = YES;
				CLANG_ANALYZER_NUMBER_OBJECT_CONVERSION = YES_AGGRESSIVE;
				CLANG_CXX_LANGUAGE_STANDARD = "gnu++14";
				CLANG_CXX_LIBRARY = "libc++";
				CLANG_ENABLE_MODULES = YES;
				CLANG_ENABLE_OBJC_ARC = YES;
				CLANG_ENABLE_OBJC_WEAK = YES;
				CLANG_WARN_BLOCK_CAPTURE_AUTORELEASING = YES;
				CLANG_WARN_BOOL_CONVERSION = YES;
				CLANG_WARN_COMMA = YES;
				CLANG_WARN_CONSTANT_CONVERSION = YES;
				CLANG_WARN_DEPRECATED_OBJC_IMPLEMENTATIONS = YES;
				CLANG_WARN_DIRECT_OBJC_ISA_USAGE = YES_ERROR;
				CLANG_WARN_DOCUMENTATION_COMMENTS = YES;
				CLANG_WARN_EMPTY_BODY = YES;
				CLANG_WARN_ENUM_CONVERSION = YES;
				CLANG_WARN_INFINITE_RECURSION = YES;
				CLANG_WARN_INT_CONVERSION = YES;
				CLANG_WARN_NON_LITERAL_NULL_CONVERSION = YES;
				CLANG_WARN_OBJC_IMPLICIT_RETAIN_SELF = YES;
				CLANG_WARN_OBJC_LITERAL_CONVERSION = YES;
				CLANG_WARN_OBJC_ROOT_CLASS = YES_ERROR;
				CLANG_WARN_RANGE_LOOP_ANALYSIS = YES;
				CLANG_WARN_STRICT_PROTOTYPES = YES;
				CLANG_WARN_SUSPICIOUS_MOVE = YES;
				CLANG_WARN_UNGUARDED_AVAILABILITY = YES_AGGRESSIVE;
				CLANG_WARN_UNREACHABLE_CODE = YES;
				CLANG_WARN__DUPLICATE_METHOD_MATCH = YES;
				COPY_PHASE_STRIP = NO;
				DEBUG_INFORMATION_FORMAT = "dwarf-with-dsym";
				ENABLE_NS_ASSERTIONS = NO;
				ENABLE_STRICT_OBJC_MSGSEND = YES;
				GCC_C_LANGUAGE_STANDARD = gnu11;
				GCC_NO_COMMON_BLOCKS = YES;
				GCC_WARN_64_TO_32_BIT_CONVERSION = YES;
				GCC_WARN_ABOUT_RETURN_TYPE = YES_ERROR;
				GCC_WARN_UNDECLARED_SELECTOR = YES;
				GCC_WARN_UNINITIALIZED_AUTOS = YES_AGGRESSIVE;
				GCC_WARN_UNUSED_FUNCTION = YES;
				GCC_WARN_UNUSED_VARIABLE = YES;
				IPHONEOS_DEPLOYMENT_TARGET = 13.2;
				MTL_ENABLE_DEBUG_INFO = NO;
				MTL_FAST_MATH = YES;
				SDKROOT = iphoneos;
				SWIFT_COMPILATION_MODE = wholemodule;
				SWIFT_OPTIMIZATION_LEVEL = "-O";
				VALIDATE_PRODUCT = YES;
			};
			name = Release;
		};
		C04467A4241AC8650019006E /* Debug */ = {
			isa = XCBuildConfiguration;
			buildSettings = {
				ASSETCATALOG_COMPILER_APPICON_NAME = AppIcon;
				CODE_SIGN_STYLE = Automatic;
				DEVELOPMENT_TEAM = 95TXKAQ9ZU;
				INFOPLIST_FILE = Caveman/Info.plist;
				LD_RUNPATH_SEARCH_PATHS = (
					"$(inherited)",
					"@executable_path/Frameworks",
				);
				PRODUCT_BUNDLE_IDENTIFIER = "com.jessica-trinh.Caveman";
				PRODUCT_NAME = "$(TARGET_NAME)";
				SWIFT_VERSION = 5.0;
				TARGETED_DEVICE_FAMILY = 1;
			};
			name = Debug;
		};
		C04467A5241AC8650019006E /* Release */ = {
			isa = XCBuildConfiguration;
			buildSettings = {
				ASSETCATALOG_COMPILER_APPICON_NAME = AppIcon;
				CODE_SIGN_STYLE = Automatic;
				DEVELOPMENT_TEAM = 95TXKAQ9ZU;
				INFOPLIST_FILE = Caveman/Info.plist;
				LD_RUNPATH_SEARCH_PATHS = (
					"$(inherited)",
					"@executable_path/Frameworks",
				);
				PRODUCT_BUNDLE_IDENTIFIER = "com.jessica-trinh.Caveman";
				PRODUCT_NAME = "$(TARGET_NAME)";
				SWIFT_VERSION = 5.0;
				TARGETED_DEVICE_FAMILY = 1;
			};
			name = Release;
		};
/* End XCBuildConfiguration section */

/* Begin XCConfigurationList section */
		C044678A241AC8600019006E /* Build configuration list for PBXProject "Caveman" */ = {
			isa = XCConfigurationList;
			buildConfigurations = (
				C04467A1241AC8650019006E /* Debug */,
				C04467A2241AC8650019006E /* Release */,
			);
			defaultConfigurationIsVisible = 0;
			defaultConfigurationName = Release;
		};
		C04467A3241AC8650019006E /* Build configuration list for PBXNativeTarget "Caveman" */ = {
			isa = XCConfigurationList;
			buildConfigurations = (
				C04467A4241AC8650019006E /* Debug */,
				C04467A5241AC8650019006E /* Release */,
			);
			defaultConfigurationIsVisible = 0;
			defaultConfigurationName = Release;
		};
/* End XCConfigurationList section */
	};
	rootObject = C0446787241AC8600019006E /* Project object */;
}
